
Microsoft Visual Studio Solution File, Format Version 12.00
# Visual Studio Version 17
VisualStudioVersion = 17.0.31903.59
MinimumVisualStudioVersion = 10.0.40219.1
Project("{FAE04EC0-301F-11D3-BF4B-00C04F79EFBC}") = "token_firebase", "token_firebase\token_firebase.csproj", "{97CE2285-5108-444A-B0EA-551903F3E96B}"
EndProject
Global
	GlobalSection(SolutionConfigurationPlatforms) = preSolution
		Debug|Any CPU = Debug|Any CPU
		Release|Any CPU = Release|Any CPU
	EndGlobalSection
	GlobalSection(ProjectConfigurationPlatforms) = postSolution
		{97CE2285-5108-444A-B0EA-551903F3E96B}.Debug|Any CPU.ActiveCfg = Debug|Any CPU
		{97CE2285-5108-444A-B0EA-551903F3E96B}.Debug|Any CPU.Build.0 = Debug|Any CPU
		{97CE2285-5108-444A-B0EA-551903F3E96B}.Release|Any CPU.ActiveCfg = Release|Any CPU
		{97CE2285-5108-444A-B0EA-551903F3E96B}.Release|Any CPU.Build.0 = Release|Any CPU
	EndGlobalSection
	GlobalSection(SolutionProperties) = preSolution
		HideSolutionNode = FALSE
	EndGlobalSection
	GlobalSection(ExtensibilityGlobals) = postSolution
		SolutionGuid = {D190023E-F2CF-44E8-8E65-FC376EF72861}
	EndGlobalSection
EndGlobal
